
Microsoft Visual Studio Solution File, Format Version 12.00
# Visual Studio Version 16
VisualStudioVersion = 16.0.29728.190
MinimumVisualStudioVersion = 10.0.40219.1
Project("{9A19103F-16F7-4668-BE54-9A1E7A4F7556}") = "GroupProject01", "GroupProject01.csproj", "{BE2D8174-BB0A-42F0-AB5F-A42CEB1F65F2}"
EndProject
Project("{9A19103F-16F7-4668-BE54-9A1E7A4F7556}") = "GroupProjectTests", "..\GroupProjectTest\GroupProjectTests.csproj", "{87077548-4276-488F-A07E-B4059D40E147}"
EndProject
Global
	GlobalSection(SolutionConfigurationPlatforms) = preSolution
		Debug|Any CPU = Debug|Any CPU
		Release|Any CPU = Release|Any CPU
	EndGlobalSection
	GlobalSection(ProjectConfigurationPlatforms) = postSolution
		{BE2D8174-BB0A-42F0-AB5F-A42CEB1F65F2}.Debug|Any CPU.ActiveCfg = Debug|Any CPU
		{BE2D8174-BB0A-42F0-AB5F-A42CEB1F65F2}.Debug|Any CPU.Build.0 = Debug|Any CPU
		{BE2D8174-BB0A-42F0-AB5F-A42CEB1F65F2}.Release|Any CPU.ActiveCfg = Release|Any CPU
		{BE2D8174-BB0A-42F0-AB5F-A42CEB1F65F2}.Release|Any CPU.Build.0 = Release|Any CPU
		{87077548-4276-488F-A07E-B4059D40E147}.Debug|Any CPU.ActiveCfg = Debug|Any CPU
		{87077548-4276-488F-A07E-B4059D40E147}.Debug|Any CPU.Build.0 = Debug|Any CPU
		{87077548-4276-488F-A07E-B4059D40E147}.Release|Any CPU.ActiveCfg = Release|Any CPU
		{87077548-4276-488F-A07E-B4059D40E147}.Release|Any CPU.Build.0 = Release|Any CPU
	EndGlobalSection
	GlobalSection(SolutionProperties) = preSolution
		HideSolutionNode = FALSE
	EndGlobalSection
	GlobalSection(ExtensibilityGlobals) = postSolution
		SolutionGuid = {4B6CE4B4-2CEF-469A-846B-4761DD0B0B52}
	EndGlobalSection
EndGlobal
